
Microsoft Visual Studio Solution File, Format Version 12.00
# Visual Studio Version 17
VisualStudioVersion = 17.0.31903.59
MinimumVisualStudioVersion = 10.0.40219.1
Project("{FAE04EC0-301F-11D3-BF4B-00C04F79EFBC}") = "SIG.BeautyDesk.Core", "SIG.BeautyDesk.Core\SIG.BeautyDesk.Core.csproj", "{E6B0E278-2146-4D66-8663-6602319A27F9}"
EndProject
Project("{FAE04EC0-301F-11D3-BF4B-00C04F79EFBC}") = "SIG.BeautyDesk.Data", "SIG.BeautyDesk.Data\SIG.BeautyDesk.Data.csproj", "{D429206A-A674-4346-A7C6-8760F0E1C63E}"
EndProject
Project("{FAE04EC0-301F-11D3-BF4B-00C04F79EFBC}") = "SIG.BeautyDesk.Api", "SIG.BeautyDesk.Api\SIG.BeautyDesk.Api.csproj", "{AAA00528-8632-46C8-AE14-9546042177B2}"
EndProject
Project("{FAE04EC0-301F-11D3-BF4B-00C04F79EFBC}") = "SIG.BeautyDesk.Maui", "SIG.BeautyDesk.Maui\SIG.BeautyDesk.Maui.csproj", "{6B64A4A6-062C-4D95-B728-8920811C9697}"
EndProject
Global
	GlobalSection(SolutionConfigurationPlatforms) = preSolution
		Debug|Any CPU = Debug|Any CPU
		Debug|x64 = Debug|x64
		Debug|x86 = Debug|x86
		Release|Any CPU = Release|Any CPU
		Release|x64 = Release|x64
		Release|x86 = Release|x86
	EndGlobalSection
	GlobalSection(ProjectConfigurationPlatforms) = postSolution
		{E6B0E278-2146-4D66-8663-6602319A27F9}.Debug|Any CPU.ActiveCfg = Debug|Any CPU
		{E6B0E278-2146-4D66-8663-6602319A27F9}.Debug|Any CPU.Build.0 = Debug|Any CPU
		{E6B0E278-2146-4D66-8663-6602319A27F9}.Debug|x64.ActiveCfg = Debug|Any CPU
		{E6B0E278-2146-4D66-8663-6602319A27F9}.Debug|x64.Build.0 = Debug|Any CPU
		{E6B0E278-2146-4D66-8663-6602319A27F9}.Debug|x86.ActiveCfg = Debug|Any CPU
		{E6B0E278-2146-4D66-8663-6602319A27F9}.Debug|x86.Build.0 = Debug|Any CPU
		{E6B0E278-2146-4D66-8663-6602319A27F9}.Release|Any CPU.ActiveCfg = Release|Any CPU
		{E6B0E278-2146-4D66-8663-6602319A27F9}.Release|Any CPU.Build.0 = Release|Any CPU
		{E6B0E278-2146-4D66-8663-6602319A27F9}.Release|x64.ActiveCfg = Release|Any CPU
		{E6B0E278-2146-4D66-8663-6602319A27F9}.Release|x64.Build.0 = Release|Any CPU
		{E6B0E278-2146-4D66-8663-6602319A27F9}.Release|x86.ActiveCfg = Release|Any CPU
		{E6B0E278-2146-4D66-8663-6602319A27F9}.Release|x86.Build.0 = Release|Any CPU
		{D429206A-A674-4346-A7C6-8760F0E1C63E}.Debug|Any CPU.ActiveCfg = Debug|Any CPU
		{D429206A-A674-4346-A7C6-8760F0E1C63E}.Debug|Any CPU.Build.0 = Debug|Any CPU
		{D429206A-A674-4346-A7C6-8760F0E1C63E}.Debug|x64.ActiveCfg = Debug|Any CPU
		{D429206A-A674-4346-A7C6-8760F0E1C63E}.Debug|x64.Build.0 = Debug|Any CPU
		{D429206A-A674-4346-A7C6-8760F0E1C63E}.Debug|x86.ActiveCfg = Debug|Any CPU
		{D429206A-A674-4346-A7C6-8760F0E1C63E}.Debug|x86.Build.0 = Debug|Any CPU
		{D429206A-A674-4346-A7C6-8760F0E1C63E}.Release|Any CPU.ActiveCfg = Release|Any CPU
		{D429206A-A674-4346-A7C6-8760F0E1C63E}.Release|Any CPU.Build.0 = Release|Any CPU
		{D429206A-A674-4346-A7C6-8760F0E1C63E}.Release|x64.ActiveCfg = Release|Any CPU
		{D429206A-A674-4346-A7C6-8760F0E1C63E}.Release|x64.Build.0 = Release|Any CPU
		{D429206A-A674-4346-A7C6-8760F0E1C63E}.Release|x86.ActiveCfg = Release|Any CPU
		{D429206A-A674-4346-A7C6-8760F0E1C63E}.Release|x86.Build.0 = Release|Any CPU
		{AAA00528-8632-46C8-AE14-9546042177B2}.Debug|Any CPU.ActiveCfg = Debug|Any CPU
		{AAA00528-8632-46C8-AE14-9546042177B2}.Debug|Any CPU.Build.0 = Debug|Any CPU
		{AAA00528-8632-46C8-AE14-9546042177B2}.Debug|x64.ActiveCfg = Debug|Any CPU
		{AAA00528-8632-46C8-AE14-9546042177B2}.Debug|x64.Build.0 = Debug|Any CPU
		{AAA00528-8632-46C8-AE14-9546042177B2}.Debug|x86.ActiveCfg = Debug|Any CPU
		{AAA00528-8632-46C8-AE14-9546042177B2}.Debug|x86.Build.0 = Debug|Any CPU
		{AAA00528-8632-46C8-AE14-9546042177B2}.Release|Any CPU.ActiveCfg = Release|Any CPU
		{AAA00528-8632-46C8-AE14-9546042177B2}.Release|Any CPU.Build.0 = Release|Any CPU
		{AAA00528-8632-46C8-AE14-9546042177B2}.Release|x64.ActiveCfg = Release|Any CPU
		{AAA00528-8632-46C8-AE14-9546042177B2}.Release|x64.Build.0 = Release|Any CPU
		{AAA00528-8632-46C8-AE14-9546042177B2}.Release|x86.ActiveCfg = Release|Any CPU
		{AAA00528-8632-46C8-AE14-9546042177B2}.Release|x86.Build.0 = Release|Any CPU
		{6B64A4A6-062C-4D95-B728-8920811C9697}.Debug|Any CPU.ActiveCfg = Debug|Any CPU
		{6B64A4A6-062C-4D95-B728-8920811C9697}.Debug|Any CPU.Build.0 = Debug|Any CPU
		{6B64A4A6-062C-4D95-B728-8920811C9697}.Debug|x64.ActiveCfg = Debug|Any CPU
		{6B64A4A6-062C-4D95-B728-8920811C9697}.Debug|x64.Build.0 = Debug|Any CPU
		{6B64A4A6-062C-4D95-B728-8920811C9697}.Debug|x86.ActiveCfg = Debug|Any CPU
		{6B64A4A6-062C-4D95-B728-8920811C9697}.Debug|x86.Build.0 = Debug|Any CPU
		{6B64A4A6-062C-4D95-B728-8920811C9697}.Release|Any CPU.ActiveCfg = Release|Any CPU
		{6B64A4A6-062C-4D95-B728-8920811C9697}.Release|Any CPU.Build.0 = Release|Any CPU
		{6B64A4A6-062C-4D95-B728-8920811C9697}.Release|x64.ActiveCfg = Release|Any CPU
		{6B64A4A6-062C-4D95-B728-8920811C9697}.Release|x64.Build.0 = Release|Any CPU
		{6B64A4A6-062C-4D95-B728-8920811C9697}.Release|x86.ActiveCfg = Release|Any CPU
		{6B64A4A6-062C-4D95-B728-8920811C9697}.Release|x86.Build.0 = Release|Any CPU
	EndGlobalSection
	GlobalSection(SolutionProperties) = preSolution
		HideSolutionNode = FALSE
	EndGlobalSection
EndGlobal
